
Microsoft Visual Studio Solution File, Format Version 12.00
# Visual Studio Version 16
VisualStudioVersion = 16.0.31729.503
MinimumVisualStudioVersion = 10.0.40219.1
Project("{FAE04EC0-301F-11D3-BF4B-00C04F79EFBC}") = "JSoft.API", "JSoft.API\JSoft.API.csproj", "{45A8F082-0BF9-464A-81B5-FB8A7C7CA092}"
EndProject
Project("{FAE04EC0-301F-11D3-BF4B-00C04F79EFBC}") = "JSoft.Core", "JSoft.Core\JSoft.Core.csproj", "{81D580B5-06AB-42CC-B183-9226DFC9852F}"
EndProject
Project("{FAE04EC0-301F-11D3-BF4B-00C04F79EFBC}") = "JSoft.Infraestructure", "JSoft.Infraestructure\JSoft.Infraestructure.csproj", "{4B88A352-F342-4FAE-8797-E4A151D04DBF}"
EndProject
Global
	GlobalSection(SolutionConfigurationPlatforms) = preSolution
		Debug|Any CPU = Debug|Any CPU
		Release|Any CPU = Release|Any CPU
	EndGlobalSection
	GlobalSection(ProjectConfigurationPlatforms) = postSolution
		{45A8F082-0BF9-464A-81B5-FB8A7C7CA092}.Debug|Any CPU.ActiveCfg = Debug|Any CPU
		{45A8F082-0BF9-464A-81B5-FB8A7C7CA092}.Debug|Any CPU.Build.0 = Debug|Any CPU
		{45A8F082-0BF9-464A-81B5-FB8A7C7CA092}.Release|Any CPU.ActiveCfg = Release|Any CPU
		{45A8F082-0BF9-464A-81B5-FB8A7C7CA092}.Release|Any CPU.Build.0 = Release|Any CPU
		{81D580B5-06AB-42CC-B183-9226DFC9852F}.Debug|Any CPU.ActiveCfg = Debug|Any CPU
		{81D580B5-06AB-42CC-B183-9226DFC9852F}.Debug|Any CPU.Build.0 = Debug|Any CPU
		{81D580B5-06AB-42CC-B183-9226DFC9852F}.Release|Any CPU.ActiveCfg = Release|Any CPU
		{81D580B5-06AB-42CC-B183-9226DFC9852F}.Release|Any CPU.Build.0 = Release|Any CPU
		{4B88A352-F342-4FAE-8797-E4A151D04DBF}.Debug|Any CPU.ActiveCfg = Debug|Any CPU
		{4B88A352-F342-4FAE-8797-E4A151D04DBF}.Debug|Any CPU.Build.0 = Debug|Any CPU
		{4B88A352-F342-4FAE-8797-E4A151D04DBF}.Release|Any CPU.ActiveCfg = Release|Any CPU
		{4B88A352-F342-4FAE-8797-E4A151D04DBF}.Release|Any CPU.Build.0 = Release|Any CPU
	EndGlobalSection
	GlobalSection(SolutionProperties) = preSolution
		HideSolutionNode = FALSE
	EndGlobalSection
	GlobalSection(ExtensibilityGlobals) = postSolution
		SolutionGuid = {02FAA1DA-754A-4C04-8241-6F49463CACE8}
	EndGlobalSection
EndGlobal
